
Microsoft Visual Studio Solution File, Format Version 12.00
# Visual Studio Version 17
VisualStudioVersion = 17.9.34728.123
MinimumVisualStudioVersion = 10.0.40219.1
Project("{9A19103F-16F7-4668-BE54-9A1E7A4F7556}") = "gui", "gui\gui.csproj", "{4263CBA5-0BE5-40BA-A138-CC575A324F90}"
EndProject
Project("{2150E333-8FDC-42A3-9474-1A3956D46DE8}") = "Solution Items", "Solution Items", "{CD3DA103-FECC-43D6-BC5F-1AF9F16A8FE0}"
	ProjectSection(SolutionItems) = preProject
		..\..\..\Downloads\folder-icon-256x204-0171zqe6.png = ..\..\..\Downloads\folder-icon-256x204-0171zqe6.png
	EndProjectSection
EndProject
Global
	GlobalSection(SolutionConfigurationPlatforms) = preSolution
		Debug|Any CPU = Debug|Any CPU
		Release|Any CPU = Release|Any CPU
	EndGlobalSection
	GlobalSection(ProjectConfigurationPlatforms) = postSolution
		{4263CBA5-0BE5-40BA-A138-CC575A324F90}.Debug|Any CPU.ActiveCfg = Debug|Any CPU
		{4263CBA5-0BE5-40BA-A138-CC575A324F90}.Debug|Any CPU.Build.0 = Debug|Any CPU
		{4263CBA5-0BE5-40BA-A138-CC575A324F90}.Release|Any CPU.ActiveCfg = Release|Any CPU
		{4263CBA5-0BE5-40BA-A138-CC575A324F90}.Release|Any CPU.Build.0 = Release|Any CPU
	EndGlobalSection
	GlobalSection(SolutionProperties) = preSolution
		HideSolutionNode = FALSE
	EndGlobalSection
	GlobalSection(ExtensibilityGlobals) = postSolution
		SolutionGuid = {2DB39715-3280-4F9E-97DB-4D702D6B6990}
	EndGlobalSection
EndGlobal
